// !$*UTF8*$!
{
	archiveVersion = 1;
	classes = {
	};
	objectVersion = 55;
	objects = {

/* Begin PBXBuildFile section */
		740EEDF827DCD62D00FD9327 /* difficultСhildren.html in Resources */ = {isa = PBXBuildFile; fileRef = 740EEDF727DCD62D00FD9327 /* difficultСhildren.html */; };
		7440A4E327E8B92C0053700C /* TableViewBuilder.swift in Sources */ = {isa = PBXBuildFile; fileRef = 7440A4E227E8B92C0053700C /* TableViewBuilder.swift */; };
		7440A4E627E8B9810053700C /* GameViewBuilder.swift in Sources */ = {isa = PBXBuildFile; fileRef = 7440A4E527E8B9810053700C /* GameViewBuilder.swift */; };
		7469711927D908CF007E94E6 /* AppDelegate.swift in Sources */ = {isa = PBXBuildFile; fileRef = 7469711827D908CF007E94E6 /* AppDelegate.swift */; };
		7469711B27D908CF007E94E6 /* SceneDelegate.swift in Sources */ = {isa = PBXBuildFile; fileRef = 7469711A27D908CF007E94E6 /* SceneDelegate.swift */; };
		7469712327D908CF007E94E6 /* Tomorrow.xcdatamodeld in Sources */ = {isa = PBXBuildFile; fileRef = 7469712127D908CF007E94E6 /* Tomorrow.xcdatamodeld */; };
		7469712527D908D0007E94E6 /* Assets.xcassets in Resources */ = {isa = PBXBuildFile; fileRef = 7469712427D908D0007E94E6 /* Assets.xcassets */; };
		7469712827D908D0007E94E6 /* LaunchScreen.storyboard in Resources */ = {isa = PBXBuildFile; fileRef = 7469712627D908D0007E94E6 /* LaunchScreen.storyboard */; };
		7469713327D90C55007E94E6 /* Game.swift in Sources */ = {isa = PBXBuildFile; fileRef = 7469713227D90C55007E94E6 /* Game.swift */; };
		7469713727D90E6E007E94E6 /* GameCategory.swift in Sources */ = {isa = PBXBuildFile; fileRef = 7469713627D90E6E007E94E6 /* GameCategory.swift */; };
		7469713927D912B1007E94E6 /* Note.swift in Sources */ = {isa = PBXBuildFile; fileRef = 7469713827D912B1007E94E6 /* Note.swift */; };
		7469713D27D9164F007E94E6 /* GamesViewController.swift in Sources */ = {isa = PBXBuildFile; fileRef = 7469713C27D9164F007E94E6 /* GamesViewController.swift */; };
		7469714027D91977007E94E6 /* Fonts.swift in Sources */ = {isa = PBXBuildFile; fileRef = 7469713F27D91977007E94E6 /* Fonts.swift */; };
		7469716227D9EECB007E94E6 /* Constants.swift in Sources */ = {isa = PBXBuildFile; fileRef = 7469716127D9EECB007E94E6 /* Constants.swift */; };
		7469716727DA1F2C007E94E6 /* GameViewPresenter.swift in Sources */ = {isa = PBXBuildFile; fileRef = 7469716627DA1F2C007E94E6 /* GameViewPresenter.swift */; };
		7469716E27DA2F79007E94E6 /* LoadDataSevice.swift in Sources */ = {isa = PBXBuildFile; fileRef = 7469716D27DA2F79007E94E6 /* LoadDataSevice.swift */; };
		7469717227DA3546007E94E6 /* games.json in Resources */ = {isa = PBXBuildFile; fileRef = 7469717127DA3546007E94E6 /* games.json */; };
		749F4E1527E2F4820027AFED /* Article.swift in Sources */ = {isa = PBXBuildFile; fileRef = 749F4E1427E2F4810027AFED /* Article.swift */; };
		749F4E1827E303780027AFED /* TableViewController.swift in Sources */ = {isa = PBXBuildFile; fileRef = 749F4E1727E303780027AFED /* TableViewController.swift */; };
		749F4E1C27E3087C0027AFED /* TableViewPresenter.swift in Sources */ = {isa = PBXBuildFile; fileRef = 749F4E1B27E3087C0027AFED /* TableViewPresenter.swift */; };
		749F4E2427E313320027AFED /* TableViewCell.swift in Sources */ = {isa = PBXBuildFile; fileRef = 749F4E2327E313320027AFED /* TableViewCell.swift */; };
		749F4E2927E737200027AFED /* MainMenuViewController.swift in Sources */ = {isa = PBXBuildFile; fileRef = 749F4E2827E737200027AFED /* MainMenuViewController.swift */; };
		749F4E2D27E832950027AFED /* AllArticleMainMenuButton.swift in Sources */ = {isa = PBXBuildFile; fileRef = 749F4E2C27E832940027AFED /* AllArticleMainMenuButton.swift */; };
		749F4E3027E83BC80027AFED /* HorizontalCollectionMainMenu.swift in Sources */ = {isa = PBXBuildFile; fileRef = 749F4E2F27E83BC80027AFED /* HorizontalCollectionMainMenu.swift */; };
		749F4E3427E8408F0027AFED /* MainMenuItem.swift in Sources */ = {isa = PBXBuildFile; fileRef = 749F4E3327E8408F0027AFED /* MainMenuItem.swift */; };
		749F4E3727E841020027AFED /* MainMenuPresenter.swift in Sources */ = {isa = PBXBuildFile; fileRef = 749F4E3627E841020027AFED /* MainMenuPresenter.swift */; };
		749F4E3C27E84A0F0027AFED /* MainCollectionViewCell.swift in Sources */ = {isa = PBXBuildFile; fileRef = 749F4E3B27E84A0F0027AFED /* MainCollectionViewCell.swift */; };
		749F4E3E27E856DB0027AFED /* MainMenuBuilder.swift in Sources */ = {isa = PBXBuildFile; fileRef = 749F4E3D27E856DB0027AFED /* MainMenuBuilder.swift */; };
/* End PBXBuildFile section */

/* Begin PBXFileReference section */
		740EEDF727DCD62D00FD9327 /* difficultСhildren.html */ = {isa = PBXFileReference; fileEncoding = 4; lastKnownFileType = text.html; name = "difficultСhildren.html"; path = "html/difficultСhildren.html"; sourceTree = SOURCE_ROOT; };
		7440A4E227E8B92C0053700C /* TableViewBuilder.swift */ = {isa = PBXFileReference; lastKnownFileType = sourcecode.swift; path = TableViewBuilder.swift; sourceTree = "<group>"; };
		7440A4E527E8B9810053700C /* GameViewBuilder.swift */ = {isa = PBXFileReference; lastKnownFileType = sourcecode.swift; path = GameViewBuilder.swift; sourceTree = "<group>"; };
		7469711527D908CF007E94E6 /* Tomorrow.app */ = {isa = PBXFileReference; explicitFileType = wrapper.application; includeInIndex = 0; path = Tomorrow.app; sourceTree = BUILT_PRODUCTS_DIR; };
		7469711827D908CF007E94E6 /* AppDelegate.swift */ = {isa = PBXFileReference; lastKnownFileType = sourcecode.swift; path = AppDelegate.swift; sourceTree = "<group>"; };
		7469711A27D908CF007E94E6 /* SceneDelegate.swift */ = {isa = PBXFileReference; lastKnownFileType = sourcecode.swift; path = SceneDelegate.swift; sourceTree = "<group>"; };
		7469712227D908CF007E94E6 /* Tomorrow.xcdatamodel */ = {isa = PBXFileReference; lastKnownFileType = wrapper.xcdatamodel; path = Tomorrow.xcdatamodel; sourceTree = "<group>"; };
		7469712427D908D0007E94E6 /* Assets.xcassets */ = {isa = PBXFileReference; lastKnownFileType = folder.assetcatalog; path = Assets.xcassets; sourceTree = "<group>"; };
		7469712727D908D0007E94E6 /* Base */ = {isa = PBXFileReference; lastKnownFileType = file.storyboard; name = Base; path = Base.lproj/LaunchScreen.storyboard; sourceTree = "<group>"; };
		7469712927D908D0007E94E6 /* Info.plist */ = {isa = PBXFileReference; lastKnownFileType = text.plist.xml; path = Info.plist; sourceTree = "<group>"; };
		7469713227D90C55007E94E6 /* Game.swift */ = {isa = PBXFileReference; lastKnownFileType = sourcecode.swift; path = Game.swift; sourceTree = "<group>"; };
		7469713627D90E6E007E94E6 /* GameCategory.swift */ = {isa = PBXFileReference; lastKnownFileType = sourcecode.swift; path = GameCategory.swift; sourceTree = "<group>"; };
		7469713827D912B1007E94E6 /* Note.swift */ = {isa = PBXFileReference; lastKnownFileType = sourcecode.swift; path = Note.swift; sourceTree = "<group>"; };
		7469713C27D9164F007E94E6 /* GamesViewController.swift */ = {isa = PBXFileReference; lastKnownFileType = sourcecode.swift; path = GamesViewController.swift; sourceTree = "<group>"; };
		7469713F27D91977007E94E6 /* Fonts.swift */ = {isa = PBXFileReference; lastKnownFileType = sourcecode.swift; path = Fonts.swift; sourceTree = "<group>"; };
		7469716127D9EECB007E94E6 /* Constants.swift */ = {isa = PBXFileReference; lastKnownFileType = sourcecode.swift; path = Constants.swift; sourceTree = "<group>"; };
		7469716627DA1F2C007E94E6 /* GameViewPresenter.swift */ = {isa = PBXFileReference; lastKnownFileType = sourcecode.swift; path = GameViewPresenter.swift; sourceTree = "<group>"; };
		7469716D27DA2F79007E94E6 /* LoadDataSevice.swift */ = {isa = PBXFileReference; lastKnownFileType = sourcecode.swift; path = LoadDataSevice.swift; sourceTree = "<group>"; };
		7469717127DA3546007E94E6 /* games.json */ = {isa = PBXFileReference; fileEncoding = 4; lastKnownFileType = text.json; name = games.json; path = json/games.json; sourceTree = SOURCE_ROOT; };
		749F4E1427E2F4810027AFED /* Article.swift */ = {isa = PBXFileReference; lastKnownFileType = sourcecode.swift; path = Article.swift; sourceTree = "<group>"; };
		749F4E1727E303780027AFED /* TableViewController.swift */ = {isa = PBXFileReference; lastKnownFileType = sourcecode.swift; path = TableViewController.swift; sourceTree = "<group>"; };
		749F4E1B27E3087C0027AFED /* TableViewPresenter.swift */ = {isa = PBXFileReference; lastKnownFileType = sourcecode.swift; path = TableViewPresenter.swift; sourceTree = "<group>"; };
		749F4E2327E313320027AFED /* TableViewCell.swift */ = {isa = PBXFileReference; lastKnownFileType = sourcecode.swift; path = TableViewCell.swift; sourceTree = "<group>"; };
		749F4E2827E737200027AFED /* MainMenuViewController.swift */ = {isa = PBXFileReference; lastKnownFileType = sourcecode.swift; path = MainMenuViewController.swift; sourceTree = "<group>"; };
		749F4E2C27E832940027AFED /* AllArticleMainMenuButton.swift */ = {isa = PBXFileReference; lastKnownFileType = sourcecode.swift; path = AllArticleMainMenuButton.swift; sourceTree = "<group>"; };
		749F4E2F27E83BC80027AFED /* HorizontalCollectionMainMenu.swift */ = {isa = PBXFileReference; lastKnownFileType = sourcecode.swift; path = HorizontalCollectionMainMenu.swift; sourceTree = "<group>"; };
		749F4E3327E8408F0027AFED /* MainMenuItem.swift */ = {isa = PBXFileReference; lastKnownFileType = sourcecode.swift; path = MainMenuItem.swift; sourceTree = "<group>"; };
		749F4E3627E841020027AFED /* MainMenuPresenter.swift */ = {isa = PBXFileReference; lastKnownFileType = sourcecode.swift; path = MainMenuPresenter.swift; sourceTree = "<group>"; };
		749F4E3B27E84A0F0027AFED /* MainCollectionViewCell.swift */ = {isa = PBXFileReference; lastKnownFileType = sourcecode.swift; path = MainCollectionViewCell.swift; sourceTree = "<group>"; };
		749F4E3D27E856DB0027AFED /* MainMenuBuilder.swift */ = {isa = PBXFileReference; lastKnownFileType = sourcecode.swift; path = MainMenuBuilder.swift; sourceTree = "<group>"; };
/* End PBXFileReference section */

/* Begin PBXFrameworksBuildPhase section */
		7469711227D908CF007E94E6 /* Frameworks */ = {
			isa = PBXFrameworksBuildPhase;
			buildActionMask = 2147483647;
			files = (
			);
			runOnlyForDeploymentPostprocessing = 0;
		};
/* End PBXFrameworksBuildPhase section */

/* Begin PBXGroup section */
		7440A4E127E8B9080053700C /* Builder */ = {
			isa = PBXGroup;
			children = (
				7440A4E227E8B92C0053700C /* TableViewBuilder.swift */,
			);
			path = Builder;
			sourceTree = "<group>";
		};
		7440A4E427E8B9620053700C /* Builder */ = {
			isa = PBXGroup;
			children = (
				7440A4E527E8B9810053700C /* GameViewBuilder.swift */,
			);
			path = Builder;
			sourceTree = "<group>";
		};
		7469710C27D908CF007E94E6 = {
			isa = PBXGroup;
			children = (
				7469711727D908CF007E94E6 /* Tomorrow */,
				7469711627D908CF007E94E6 /* Products */,
			);
			sourceTree = "<group>";
		};
		7469711627D908CF007E94E6 /* Products */ = {
			isa = PBXGroup;
			children = (
				7469711527D908CF007E94E6 /* Tomorrow.app */,
			);
			name = Products;
			sourceTree = "<group>";
		};
		7469711727D908CF007E94E6 /* Tomorrow */ = {
			isa = PBXGroup;
			children = (
				7469713027D90C31007E94E6 /* Core */,
				749F4E2E27E83B400027AFED /* CustomUIComponents */,
				7469713127D90C45007E94E6 /* Model */,
				7469716C27DA2F52007E94E6 /* Service */,
				7469713B27D91615007E94E6 /* Flows */,
				7469712427D908D0007E94E6 /* Assets.xcassets */,
				7469717127DA3546007E94E6 /* games.json */,
				740EEDF727DCD62D00FD9327 /* difficultСhildren.html */,
				7469712627D908D0007E94E6 /* LaunchScreen.storyboard */,
				7469712927D908D0007E94E6 /* Info.plist */,
				7469712127D908CF007E94E6 /* Tomorrow.xcdatamodeld */,
			);
			path = Tomorrow;
			sourceTree = "<group>";
		};
		7469712F27D90C0B007E94E6 /* AppFiles */ = {
			isa = PBXGroup;
			children = (
				7469711827D908CF007E94E6 /* AppDelegate.swift */,
				7469711A27D908CF007E94E6 /* SceneDelegate.swift */,
			);
			path = AppFiles;
			sourceTree = "<group>";
		};
		7469713027D90C31007E94E6 /* Core */ = {
			isa = PBXGroup;
			children = (
				7469713E27D91954007E94E6 /* Style */,
				7469712F27D90C0B007E94E6 /* AppFiles */,
			);
			path = Core;
			sourceTree = "<group>";
		};
		7469713127D90C45007E94E6 /* Model */ = {
			isa = PBXGroup;
			children = (
				7469713227D90C55007E94E6 /* Game.swift */,
				749F4E1427E2F4810027AFED /* Article.swift */,
				7469713A27D913CC007E94E6 /* Category */,
				749F4E3127E8402C0027AFED /* MainMenu */,
			);
			path = Model;
			sourceTree = "<group>";
		};
		7469713A27D913CC007E94E6 /* Category */ = {
			isa = PBXGroup;
			children = (
				7469713627D90E6E007E94E6 /* GameCategory.swift */,
				7469713827D912B1007E94E6 /* Note.swift */,
			);
			path = Category;
			sourceTree = "<group>";
		};
		7469713B27D91615007E94E6 /* Flows */ = {
			isa = PBXGroup;
			children = (
				749F4E2627E736C70027AFED /* MainMenu */,
				749F4E1627E3034B0027AFED /* TableView */,
				7469716327DA1EF5007E94E6 /* Games */,
			);
			path = Flows;
			sourceTree = "<group>";
		};
		7469713E27D91954007E94E6 /* Style */ = {
			isa = PBXGroup;
			children = (
				7469713F27D91977007E94E6 /* Fonts.swift */,
				7469716127D9EECB007E94E6 /* Constants.swift */,
			);
			path = Style;
			sourceTree = "<group>";
		};
		7469716327DA1EF5007E94E6 /* Games */ = {
			isa = PBXGroup;
			children = (
				7469716527DA1F0C007E94E6 /* Presenter */,
				7440A4E427E8B9620053700C /* Builder */,
				7469716427DA1F06007E94E6 /* View */,
			);
			path = Games;
			sourceTree = "<group>";
		};
		7469716427DA1F06007E94E6 /* View */ = {
			isa = PBXGroup;
			children = (
				7469713C27D9164F007E94E6 /* GamesViewController.swift */,
			);
			path = View;
			sourceTree = "<group>";
		};
		7469716527DA1F0C007E94E6 /* Presenter */ = {
			isa = PBXGroup;
			children = (
				7469716627DA1F2C007E94E6 /* GameViewPresenter.swift */,
			);
			path = Presenter;
			sourceTree = "<group>";
		};
		7469716C27DA2F52007E94E6 /* Service */ = {
			isa = PBXGroup;
			children = (
				7469716D27DA2F79007E94E6 /* LoadDataSevice.swift */,
			);
			path = Service;
			sourceTree = "<group>";
		};
		749F4E1627E3034B0027AFED /* TableView */ = {
			isa = PBXGroup;
			children = (
				749F4E1A27E3085C0027AFED /* Presenter */,
				7440A4E127E8B9080053700C /* Builder */,
				749F4E1927E3037C0027AFED /* View */,
			);
			path = TableView;
			sourceTree = "<group>";
		};
		749F4E1927E3037C0027AFED /* View */ = {
			isa = PBXGroup;
			children = (
				749F4E2227E3131B0027AFED /* Cell */,
				749F4E2127E3130E0027AFED /* Controller */,
			);
			path = View;
			sourceTree = "<group>";
		};
		749F4E1A27E3085C0027AFED /* Presenter */ = {
			isa = PBXGroup;
			children = (
				749F4E1B27E3087C0027AFED /* TableViewPresenter.swift */,
			);
			path = Presenter;
			sourceTree = "<group>";
		};
		749F4E2127E3130E0027AFED /* Controller */ = {
			isa = PBXGroup;
			children = (
				749F4E1727E303780027AFED /* TableViewController.swift */,
			);
			path = Controller;
			sourceTree = "<group>";
		};
		749F4E2227E3131B0027AFED /* Cell */ = {
			isa = PBXGroup;
			children = (
				749F4E2327E313320027AFED /* TableViewCell.swift */,
			);
			path = Cell;
			sourceTree = "<group>";
		};
		749F4E2627E736C70027AFED /* MainMenu */ = {
			isa = PBXGroup;
			children = (
				749F4E3527E840DC0027AFED /* Presenter */,
				749F4E2727E737000027AFED /* View */,
				749F4E3827E842DF0027AFED /* Builder */,
			);
			path = MainMenu;
			sourceTree = "<group>";
		};
		749F4E2727E737000027AFED /* View */ = {
			isa = PBXGroup;
			children = (
				749F4E2827E737200027AFED /* MainMenuViewController.swift */,
				749F4E3927E849D80027AFED /* Cell */,
			);
			path = View;
			sourceTree = "<group>";
		};
		749F4E2E27E83B400027AFED /* CustomUIComponents */ = {
			isa = PBXGroup;
			children = (
				749F4E2C27E832940027AFED /* AllArticleMainMenuButton.swift */,
				749F4E2F27E83BC80027AFED /* HorizontalCollectionMainMenu.swift */,
			);
			path = CustomUIComponents;
			sourceTree = "<group>";
		};
		749F4E3127E8402C0027AFED /* MainMenu */ = {
			isa = PBXGroup;
			children = (
				749F4E3327E8408F0027AFED /* MainMenuItem.swift */,
			);
			path = MainMenu;
			sourceTree = "<group>";
		};
		749F4E3527E840DC0027AFED /* Presenter */ = {
			isa = PBXGroup;
			children = (
				749F4E3627E841020027AFED /* MainMenuPresenter.swift */,
			);
			path = Presenter;
			sourceTree = "<group>";
		};
		749F4E3827E842DF0027AFED /* Builder */ = {
			isa = PBXGroup;
			children = (
				749F4E3D27E856DB0027AFED /* MainMenuBuilder.swift */,
			);
			path = Builder;
			sourceTree = "<group>";
		};
		749F4E3927E849D80027AFED /* Cell */ = {
			isa = PBXGroup;
			children = (
				749F4E3B27E84A0F0027AFED /* MainCollectionViewCell.swift */,
			);
			path = Cell;
			sourceTree = "<group>";
		};
/* End PBXGroup section */

/* Begin PBXNativeTarget section */
		7469711427D908CF007E94E6 /* Tomorrow */ = {
			isa = PBXNativeTarget;
			buildConfigurationList = 7469712C27D908D0007E94E6 /* Build configuration list for PBXNativeTarget "Tomorrow" */;
			buildPhases = (
				7469711127D908CF007E94E6 /* Sources */,
				7469711227D908CF007E94E6 /* Frameworks */,
				7469711327D908CF007E94E6 /* Resources */,
			);
			buildRules = (
			);
			dependencies = (
			);
			name = Tomorrow;
			productName = Tomorrow;
			productReference = 7469711527D908CF007E94E6 /* Tomorrow.app */;
			productType = "com.apple.product-type.application";
		};
/* End PBXNativeTarget section */

/* Begin PBXProject section */
		7469710D27D908CF007E94E6 /* Project object */ = {
			isa = PBXProject;
			attributes = {
				BuildIndependentTargetsInParallel = 1;
				LastSwiftUpdateCheck = 1320;
				LastUpgradeCheck = 1320;
				TargetAttributes = {
					7469711427D908CF007E94E6 = {
						CreatedOnToolsVersion = 13.2.1;
					};
				};
			};
			buildConfigurationList = 7469711027D908CF007E94E6 /* Build configuration list for PBXProject "Tomorrow" */;
			compatibilityVersion = "Xcode 13.0";
			developmentRegion = en;
			hasScannedForEncodings = 0;
			knownRegions = (
				en,
				Base,
			);
			mainGroup = 7469710C27D908CF007E94E6;
			productRefGroup = 7469711627D908CF007E94E6 /* Products */;
			projectDirPath = "";
			projectRoot = "";
			targets = (
				7469711427D908CF007E94E6 /* Tomorrow */,
			);
		};
/* End PBXProject section */

/* Begin PBXResourcesBuildPhase section */
		7469711327D908CF007E94E6 /* Resources */ = {
			isa = PBXResourcesBuildPhase;
			buildActionMask = 2147483647;
			files = (
				7469712827D908D0007E94E6 /* LaunchScreen.storyboard in Resources */,
				7469717227DA3546007E94E6 /* games.json in Resources */,
				740EEDF827DCD62D00FD9327 /* difficultСhildren.html in Resources */,
				7469712527D908D0007E94E6 /* Assets.xcassets in Resources */,
			);
			runOnlyForDeploymentPostprocessing = 0;
		};
/* End PBXResourcesBuildPhase section */

/* Begin PBXSourcesBuildPhase section */
		7469711127D908CF007E94E6 /* Sources */ = {
			isa = PBXSourcesBuildPhase;
			buildActionMask = 2147483647;
			files = (
				749F4E2927E737200027AFED /* MainMenuViewController.swift in Sources */,
				749F4E3427E8408F0027AFED /* MainMenuItem.swift in Sources */,
				7469713D27D9164F007E94E6 /* GamesViewController.swift in Sources */,
				7469716E27DA2F79007E94E6 /* LoadDataSevice.swift in Sources */,
				749F4E2427E313320027AFED /* TableViewCell.swift in Sources */,
				7469711927D908CF007E94E6 /* AppDelegate.swift in Sources */,
				7469713727D90E6E007E94E6 /* GameCategory.swift in Sources */,
				749F4E3E27E856DB0027AFED /* MainMenuBuilder.swift in Sources */,
				749F4E1527E2F4820027AFED /* Article.swift in Sources */,
				749F4E3027E83BC80027AFED /* HorizontalCollectionMainMenu.swift in Sources */,
				7469713927D912B1007E94E6 /* Note.swift in Sources */,
				7469712327D908CF007E94E6 /* Tomorrow.xcdatamodeld in Sources */,
				7469714027D91977007E94E6 /* Fonts.swift in Sources */,
				7469716227D9EECB007E94E6 /* Constants.swift in Sources */,
				7440A4E627E8B9810053700C /* GameViewBuilder.swift in Sources */,
				7469716727DA1F2C007E94E6 /* GameViewPresenter.swift in Sources */,
				7469711B27D908CF007E94E6 /* SceneDelegate.swift in Sources */,
				7469713327D90C55007E94E6 /* Game.swift in Sources */,
				749F4E3727E841020027AFED /* MainMenuPresenter.swift in Sources */,
				7440A4E327E8B92C0053700C /* TableViewBuilder.swift in Sources */,
				749F4E3C27E84A0F0027AFED /* MainCollectionViewCell.swift in Sources */,
				749F4E2D27E832950027AFED /* AllArticleMainMenuButton.swift in Sources */,
				749F4E1827E303780027AFED /* TableViewController.swift in Sources */,
				749F4E1C27E3087C0027AFED /* TableViewPresenter.swift in Sources */,
			);
			runOnlyForDeploymentPostprocessing = 0;
		};
/* End PBXSourcesBuildPhase section */

/* Begin PBXVariantGroup section */
		7469712627D908D0007E94E6 /* LaunchScreen.storyboard */ = {
			isa = PBXVariantGroup;
			children = (
				7469712727D908D0007E94E6 /* Base */,
			);
			name = LaunchScreen.storyboard;
			sourceTree = "<group>";
		};
/* End PBXVariantGroup section */

/* Begin XCBuildConfiguration section */
		7469712A27D908D0007E94E6 /* Debug */ = {
			isa = XCBuildConfiguration;
			buildSettings = {
				ALWAYS_SEARCH_USER_PATHS = NO;
				CLANG_ANALYZER_NONNULL = YES;
				CLANG_ANALYZER_NUMBER_OBJECT_CONVERSION = YES_AGGRESSIVE;
				CLANG_CXX_LANGUAGE_STANDARD = "gnu++17";
				CLANG_CXX_LIBRARY = "libc++";
				CLANG_ENABLE_MODULES = YES;
				CLANG_ENABLE_OBJC_ARC = YES;
				CLANG_ENABLE_OBJC_WEAK = YES;
				CLANG_WARN_BLOCK_CAPTURE_AUTORELEASING = YES;
				CLANG_WARN_BOOL_CONVERSION = YES;
				CLANG_WARN_COMMA = YES;
				CLANG_WARN_CONSTANT_CONVERSION = YES;
				CLANG_WARN_DEPRECATED_OBJC_IMPLEMENTATIONS = YES;
				CLANG_WARN_DIRECT_OBJC_ISA_USAGE = YES_ERROR;
				CLANG_WARN_DOCUMENTATION_COMMENTS = YES;
				CLANG_WARN_EMPTY_BODY = YES;
				CLANG_WARN_ENUM_CONVERSION = YES;
				CLANG_WARN_INFINITE_RECURSION = YES;
				CLANG_WARN_INT_CONVERSION = YES;
				CLANG_WARN_NON_LITERAL_NULL_CONVERSION = YES;
				CLANG_WARN_OBJC_IMPLICIT_RETAIN_SELF = YES;
				CLANG_WARN_OBJC_LITERAL_CONVERSION = YES;
				CLANG_WARN_OBJC_ROOT_CLASS = YES_ERROR;
				CLANG_WARN_QUOTED_INCLUDE_IN_FRAMEWORK_HEADER = YES;
				CLANG_WARN_RANGE_LOOP_ANALYSIS = YES;
				CLANG_WARN_STRICT_PROTOTYPES = YES;
				CLANG_WARN_SUSPICIOUS_MOVE = YES;
				CLANG_WARN_UNGUARDED_AVAILABILITY = YES_AGGRESSIVE;
				CLANG_WARN_UNREACHABLE_CODE = YES;
				CLANG_WARN__DUPLICATE_METHOD_MATCH = YES;
				COPY_PHASE_STRIP = NO;
				DEBUG_INFORMATION_FORMAT = dwarf;
				ENABLE_STRICT_OBJC_MSGSEND = YES;
				ENABLE_TESTABILITY = YES;
				GCC_C_LANGUAGE_STANDARD = gnu11;
				GCC_DYNAMIC_NO_PIC = NO;
				GCC_NO_COMMON_BLOCKS = YES;
				GCC_OPTIMIZATION_LEVEL = 0;
				GCC_PREPROCESSOR_DEFINITIONS = (
					"DEBUG=1",
					"$(inherited)",
				);
				GCC_WARN_64_TO_32_BIT_CONVERSION = YES;
				GCC_WARN_ABOUT_RETURN_TYPE = YES_ERROR;
				GCC_WARN_UNDECLARED_SELECTOR = YES;
				GCC_WARN_UNINITIALIZED_AUTOS = YES_AGGRESSIVE;
				GCC_WARN_UNUSED_FUNCTION = YES;
				GCC_WARN_UNUSED_VARIABLE = YES;
				IPHONEOS_DEPLOYMENT_TARGET = 14.2;
				MTL_ENABLE_DEBUG_INFO = INCLUDE_SOURCE;
				MTL_FAST_MATH = YES;
				ONLY_ACTIVE_ARCH = YES;
				SDKROOT = iphoneos;
				SWIFT_ACTIVE_COMPILATION_CONDITIONS = DEBUG;
				SWIFT_OPTIMIZATION_LEVEL = "-Onone";
			};
			name = Debug;
		};
		7469712B27D908D0007E94E6 /* Release */ = {
			isa = XCBuildConfiguration;
			buildSettings = {
				ALWAYS_SEARCH_USER_PATHS = NO;
				CLANG_ANALYZER_NONNULL = YES;
				CLANG_ANALYZER_NUMBER_OBJECT_CONVERSION = YES_AGGRESSIVE;
				CLANG_CXX_LANGUAGE_STANDARD = "gnu++17";
				CLANG_CXX_LIBRARY = "libc++";
				CLANG_ENABLE_MODULES = YES;
				CLANG_ENABLE_OBJC_ARC = YES;
				CLANG_ENABLE_OBJC_WEAK = YES;
				CLANG_WARN_BLOCK_CAPTURE_AUTORELEASING = YES;
				CLANG_WARN_BOOL_CONVERSION = YES;
				CLANG_WARN_COMMA = YES;
				CLANG_WARN_CONSTANT_CONVERSION = YES;
				CLANG_WARN_DEPRECATED_OBJC_IMPLEMENTATIONS = YES;
				CLANG_WARN_DIRECT_OBJC_ISA_USAGE = YES_ERROR;
				CLANG_WARN_DOCUMENTATION_COMMENTS = YES;
				CLANG_WARN_EMPTY_BODY = YES;
				CLANG_WARN_ENUM_CONVERSION = YES;
				CLANG_WARN_INFINITE_RECURSION = YES;
				CLANG_WARN_INT_CONVERSION = YES;
				CLANG_WARN_NON_LITERAL_NULL_CONVERSION = YES;
				CLANG_WARN_OBJC_IMPLICIT_RETAIN_SELF = YES;
				CLANG_WARN_OBJC_LITERAL_CONVERSION = YES;
				CLANG_WARN_OBJC_ROOT_CLASS = YES_ERROR;
				CLANG_WARN_QUOTED_INCLUDE_IN_FRAMEWORK_HEADER = YES;
				CLANG_WARN_RANGE_LOOP_ANALYSIS = YES;
				CLANG_WARN_STRICT_PROTOTYPES = YES;
				CLANG_WARN_SUSPICIOUS_MOVE = YES;
				CLANG_WARN_UNGUARDED_AVAILABILITY = YES_AGGRESSIVE;
				CLANG_WARN_UNREACHABLE_CODE = YES;
				CLANG_WARN__DUPLICATE_METHOD_MATCH = YES;
				COPY_PHASE_STRIP = NO;
				DEBUG_INFORMATION_FORMAT = "dwarf-with-dsym";
				ENABLE_NS_ASSERTIONS = NO;
				ENABLE_STRICT_OBJC_MSGSEND = YES;
				GCC_C_LANGUAGE_STANDARD = gnu11;
				GCC_NO_COMMON_BLOCKS = YES;
				GCC_WARN_64_TO_32_BIT_CONVERSION = YES;
				GCC_WARN_ABOUT_RETURN_TYPE = YES_ERROR;
				GCC_WARN_UNDECLARED_SELECTOR = YES;
				GCC_WARN_UNINITIALIZED_AUTOS = YES_AGGRESSIVE;
				GCC_WARN_UNUSED_FUNCTION = YES;
				GCC_WARN_UNUSED_VARIABLE = YES;
				IPHONEOS_DEPLOYMENT_TARGET = 14.2;
				MTL_ENABLE_DEBUG_INFO = NO;
				MTL_FAST_MATH = YES;
				SDKROOT = iphoneos;
				SWIFT_COMPILATION_MODE = wholemodule;
				SWIFT_OPTIMIZATION_LEVEL = "-O";
				VALIDATE_PRODUCT = YES;
			};
			name = Release;
		};
		7469712D27D908D0007E94E6 /* Debug */ = {
			isa = XCBuildConfiguration;
			buildSettings = {
				ASSETCATALOG_COMPILER_APPICON_NAME = AppIcon;
				ASSETCATALOG_COMPILER_GLOBAL_ACCENT_COLOR_NAME = AccentColor;
				CODE_SIGN_STYLE = Automatic;
				CURRENT_PROJECT_VERSION = 1;
				DEVELOPMENT_TEAM = 9TMC8XK38T;
				GENERATE_INFOPLIST_FILE = YES;
				INFOPLIST_FILE = Tomorrow/Info.plist;
				INFOPLIST_KEY_UIApplicationSupportsIndirectInputEvents = YES;
				INFOPLIST_KEY_UILaunchStoryboardName = LaunchScreen;
				INFOPLIST_KEY_UISupportedInterfaceOrientations_iPad = "UIInterfaceOrientationPortrait UIInterfaceOrientationPortraitUpsideDown UIInterfaceOrientationLandscapeLeft UIInterfaceOrientationLandscapeRight";
				INFOPLIST_KEY_UISupportedInterfaceOrientations_iPhone = "UIInterfaceOrientationPortrait UIInterfaceOrientationLandscapeLeft UIInterfaceOrientationLandscapeRight";
				LD_RUNPATH_SEARCH_PATHS = (
					"$(inherited)",
					"@executable_path/Frameworks",
				);
				MARKETING_VERSION = 1.0;
				PRODUCT_BUNDLE_IDENTIFIER = ML.Tomorrow;
				PRODUCT_NAME = "$(TARGET_NAME)";
				SWIFT_EMIT_LOC_STRINGS = YES;
				SWIFT_VERSION = 5.0;
				TARGETED_DEVICE_FAMILY = "1,2";
			};
			name = Debug;
		};
		7469712E27D908D0007E94E6 /* Release */ = {
			isa = XCBuildConfiguration;
			buildSettings = {
				ASSETCATALOG_COMPILER_APPICON_NAME = AppIcon;
				ASSETCATALOG_COMPILER_GLOBAL_ACCENT_COLOR_NAME = AccentColor;
				CODE_SIGN_STYLE = Automatic;
				CURRENT_PROJECT_VERSION = 1;
				DEVELOPMENT_TEAM = 9TMC8XK38T;
				GENERATE_INFOPLIST_FILE = YES;
				INFOPLIST_FILE = Tomorrow/Info.plist;
				INFOPLIST_KEY_UIApplicationSupportsIndirectInputEvents = YES;
				INFOPLIST_KEY_UILaunchStoryboardName = LaunchScreen;
				INFOPLIST_KEY_UISupportedInterfaceOrientations_iPad = "UIInterfaceOrientationPortrait UIInterfaceOrientationPortraitUpsideDown UIInterfaceOrientationLandscapeLeft UIInterfaceOrientationLandscapeRight";
				INFOPLIST_KEY_UISupportedInterfaceOrientations_iPhone = "UIInterfaceOrientationPortrait UIInterfaceOrientationLandscapeLeft UIInterfaceOrientationLandscapeRight";
				LD_RUNPATH_SEARCH_PATHS = (
					"$(inherited)",
					"@executable_path/Frameworks",
				);
				MARKETING_VERSION = 1.0;
				PRODUCT_BUNDLE_IDENTIFIER = ML.Tomorrow;
				PRODUCT_NAME = "$(TARGET_NAME)";
				SWIFT_EMIT_LOC_STRINGS = YES;
				SWIFT_VERSION = 5.0;
				TARGETED_DEVICE_FAMILY = "1,2";
			};
			name = Release;
		};
/* End XCBuildConfiguration section */

/* Begin XCConfigurationList section */
		7469711027D908CF007E94E6 /* Build configuration list for PBXProject "Tomorrow" */ = {
			isa = XCConfigurationList;
			buildConfigurations = (
				7469712A27D908D0007E94E6 /* Debug */,
				7469712B27D908D0007E94E6 /* Release */,
			);
			defaultConfigurationIsVisible = 0;
			defaultConfigurationName = Release;
		};
		7469712C27D908D0007E94E6 /* Build configuration list for PBXNativeTarget "Tomorrow" */ = {
			isa = XCConfigurationList;
			buildConfigurations = (
				7469712D27D908D0007E94E6 /* Debug */,
				7469712E27D908D0007E94E6 /* Release */,
			);
			defaultConfigurationIsVisible = 0;
			defaultConfigurationName = Release;
		};
/* End XCConfigurationList section */

/* Begin XCVersionGroup section */
		7469712127D908CF007E94E6 /* Tomorrow.xcdatamodeld */ = {
			isa = XCVersionGroup;
			children = (
				7469712227D908CF007E94E6 /* Tomorrow.xcdatamodel */,
			);
			currentVersion = 7469712227D908CF007E94E6 /* Tomorrow.xcdatamodel */;
			path = Tomorrow.xcdatamodeld;
			sourceTree = "<group>";
			versionGroupType = wrapper.xcdatamodel;
		};
/* End XCVersionGroup section */
	};
	rootObject = 7469710D27D908CF007E94E6 /* Project object */;
}
