// !$*UTF8*$!
{
	archiveVersion = 1;
	classes = {
	};
	objectVersion = 55;
	objects = {

/* Begin PBXBuildFile section */
		7469711927D908CF007E94E6 /* AppDelegate.swift in Sources */ = {isa = PBXBuildFile; fileRef = 7469711827D908CF007E94E6 /* AppDelegate.swift */; };
		7469711B27D908CF007E94E6 /* SceneDelegate.swift in Sources */ = {isa = PBXBuildFile; fileRef = 7469711A27D908CF007E94E6 /* SceneDelegate.swift */; };
		7469711D27D908CF007E94E6 /* ViewController.swift in Sources */ = {isa = PBXBuildFile; fileRef = 7469711C27D908CF007E94E6 /* ViewController.swift */; };
		7469712327D908CF007E94E6 /* Tomorrow.xcdatamodeld in Sources */ = {isa = PBXBuildFile; fileRef = 7469712127D908CF007E94E6 /* Tomorrow.xcdatamodeld */; };
		7469712527D908D0007E94E6 /* Assets.xcassets in Resources */ = {isa = PBXBuildFile; fileRef = 7469712427D908D0007E94E6 /* Assets.xcassets */; };
		7469712827D908D0007E94E6 /* LaunchScreen.storyboard in Resources */ = {isa = PBXBuildFile; fileRef = 7469712627D908D0007E94E6 /* LaunchScreen.storyboard */; };
		7469713327D90C55007E94E6 /* Article.swift in Sources */ = {isa = PBXBuildFile; fileRef = 7469713227D90C55007E94E6 /* Article.swift */; };
		7469713527D90CF4007E94E6 /* ArticleCategory.swift in Sources */ = {isa = PBXBuildFile; fileRef = 7469713427D90CF4007E94E6 /* ArticleCategory.swift */; };
		7469713727D90E6E007E94E6 /* Game.swift in Sources */ = {isa = PBXBuildFile; fileRef = 7469713627D90E6E007E94E6 /* Game.swift */; };
		7469713927D912B1007E94E6 /* Note.swift in Sources */ = {isa = PBXBuildFile; fileRef = 7469713827D912B1007E94E6 /* Note.swift */; };
		7469713D27D9164F007E94E6 /* AricleViewController.swift in Sources */ = {isa = PBXBuildFile; fileRef = 7469713C27D9164F007E94E6 /* AricleViewController.swift */; };
		7469714027D91977007E94E6 /* Fonts.swift in Sources */ = {isa = PBXBuildFile; fileRef = 7469713F27D91977007E94E6 /* Fonts.swift */; };
		7469716227D9EECB007E94E6 /* Constants.swift in Sources */ = {isa = PBXBuildFile; fileRef = 7469716127D9EECB007E94E6 /* Constants.swift */; };
/* End PBXBuildFile section */

/* Begin PBXFileReference section */
		7469711527D908CF007E94E6 /* Tomorrow.app */ = {isa = PBXFileReference; explicitFileType = wrapper.application; includeInIndex = 0; path = Tomorrow.app; sourceTree = BUILT_PRODUCTS_DIR; };
		7469711827D908CF007E94E6 /* AppDelegate.swift */ = {isa = PBXFileReference; lastKnownFileType = sourcecode.swift; path = AppDelegate.swift; sourceTree = "<group>"; };
		7469711A27D908CF007E94E6 /* SceneDelegate.swift */ = {isa = PBXFileReference; lastKnownFileType = sourcecode.swift; path = SceneDelegate.swift; sourceTree = "<group>"; };
		7469711C27D908CF007E94E6 /* ViewController.swift */ = {isa = PBXFileReference; lastKnownFileType = sourcecode.swift; path = ViewController.swift; sourceTree = "<group>"; };
		7469712227D908CF007E94E6 /* Tomorrow.xcdatamodel */ = {isa = PBXFileReference; lastKnownFileType = wrapper.xcdatamodel; path = Tomorrow.xcdatamodel; sourceTree = "<group>"; };
		7469712427D908D0007E94E6 /* Assets.xcassets */ = {isa = PBXFileReference; lastKnownFileType = folder.assetcatalog; path = Assets.xcassets; sourceTree = "<group>"; };
		7469712727D908D0007E94E6 /* Base */ = {isa = PBXFileReference; lastKnownFileType = file.storyboard; name = Base; path = Base.lproj/LaunchScreen.storyboard; sourceTree = "<group>"; };
		7469712927D908D0007E94E6 /* Info.plist */ = {isa = PBXFileReference; lastKnownFileType = text.plist.xml; path = Info.plist; sourceTree = "<group>"; };
		7469713227D90C55007E94E6 /* Article.swift */ = {isa = PBXFileReference; lastKnownFileType = sourcecode.swift; path = Article.swift; sourceTree = "<group>"; };
		7469713427D90CF4007E94E6 /* ArticleCategory.swift */ = {isa = PBXFileReference; lastKnownFileType = sourcecode.swift; path = ArticleCategory.swift; sourceTree = "<group>"; };
		7469713627D90E6E007E94E6 /* Game.swift */ = {isa = PBXFileReference; lastKnownFileType = sourcecode.swift; path = Game.swift; sourceTree = "<group>"; };
		7469713827D912B1007E94E6 /* Note.swift */ = {isa = PBXFileReference; lastKnownFileType = sourcecode.swift; path = Note.swift; sourceTree = "<group>"; };
		7469713C27D9164F007E94E6 /* AricleViewController.swift */ = {isa = PBXFileReference; lastKnownFileType = sourcecode.swift; path = AricleViewController.swift; sourceTree = "<group>"; };
		7469713F27D91977007E94E6 /* Fonts.swift */ = {isa = PBXFileReference; lastKnownFileType = sourcecode.swift; path = Fonts.swift; sourceTree = "<group>"; };
		7469716127D9EECB007E94E6 /* Constants.swift */ = {isa = PBXFileReference; lastKnownFileType = sourcecode.swift; path = Constants.swift; sourceTree = "<group>"; };
/* End PBXFileReference section */

/* Begin PBXFrameworksBuildPhase section */
		7469711227D908CF007E94E6 /* Frameworks */ = {
			isa = PBXFrameworksBuildPhase;
			buildActionMask = 2147483647;
			files = (
			);
			runOnlyForDeploymentPostprocessing = 0;
		};
/* End PBXFrameworksBuildPhase section */

/* Begin PBXGroup section */
		7469710C27D908CF007E94E6 = {
			isa = PBXGroup;
			children = (
				7469711727D908CF007E94E6 /* Tomorrow */,
				7469711627D908CF007E94E6 /* Products */,
			);
			sourceTree = "<group>";
		};
		7469711627D908CF007E94E6 /* Products */ = {
			isa = PBXGroup;
			children = (
				7469711527D908CF007E94E6 /* Tomorrow.app */,
			);
			name = Products;
			sourceTree = "<group>";
		};
		7469711727D908CF007E94E6 /* Tomorrow */ = {
			isa = PBXGroup;
			children = (
				7469713027D90C31007E94E6 /* Core */,
				7469711C27D908CF007E94E6 /* ViewController.swift */,
				7469713127D90C45007E94E6 /* Model */,
				7469713B27D91615007E94E6 /* Flows */,
				7469712427D908D0007E94E6 /* Assets.xcassets */,
				7469712627D908D0007E94E6 /* LaunchScreen.storyboard */,
				7469712927D908D0007E94E6 /* Info.plist */,
				7469712127D908CF007E94E6 /* Tomorrow.xcdatamodeld */,
			);
			path = Tomorrow;
			sourceTree = "<group>";
		};
		7469712F27D90C0B007E94E6 /* AppFiles */ = {
			isa = PBXGroup;
			children = (
				7469711827D908CF007E94E6 /* AppDelegate.swift */,
				7469711A27D908CF007E94E6 /* SceneDelegate.swift */,
			);
			path = AppFiles;
			sourceTree = "<group>";
		};
		7469713027D90C31007E94E6 /* Core */ = {
			isa = PBXGroup;
			children = (
				7469713E27D91954007E94E6 /* Style */,
				7469712F27D90C0B007E94E6 /* AppFiles */,
			);
			path = Core;
			sourceTree = "<group>";
		};
		7469713127D90C45007E94E6 /* Model */ = {
			isa = PBXGroup;
			children = (
				7469713227D90C55007E94E6 /* Article.swift */,
				7469713A27D913CC007E94E6 /* Category */,
			);
			path = Model;
			sourceTree = "<group>";
		};
		7469713A27D913CC007E94E6 /* Category */ = {
			isa = PBXGroup;
			children = (
				7469713427D90CF4007E94E6 /* ArticleCategory.swift */,
				7469713627D90E6E007E94E6 /* Game.swift */,
				7469713827D912B1007E94E6 /* Note.swift */,
			);
			path = Category;
			sourceTree = "<group>";
		};
		7469713B27D91615007E94E6 /* Flows */ = {
			isa = PBXGroup;
			children = (
				7469713C27D9164F007E94E6 /* AricleViewController.swift */,
			);
			path = Flows;
			sourceTree = "<group>";
		};
		7469713E27D91954007E94E6 /* Style */ = {
			isa = PBXGroup;
			children = (
				7469713F27D91977007E94E6 /* Fonts.swift */,
				7469716127D9EECB007E94E6 /* Constants.swift */,
			);
			path = Style;
			sourceTree = "<group>";
		};
/* End PBXGroup section */

/* Begin PBXNativeTarget section */
		7469711427D908CF007E94E6 /* Tomorrow */ = {
			isa = PBXNativeTarget;
			buildConfigurationList = 7469712C27D908D0007E94E6 /* Build configuration list for PBXNativeTarget "Tomorrow" */;
			buildPhases = (
				7469711127D908CF007E94E6 /* Sources */,
				7469711227D908CF007E94E6 /* Frameworks */,
				7469711327D908CF007E94E6 /* Resources */,
			);
			buildRules = (
			);
			dependencies = (
			);
			name = Tomorrow;
			productName = Tomorrow;
			productReference = 7469711527D908CF007E94E6 /* Tomorrow.app */;
			productType = "com.apple.product-type.application";
		};
/* End PBXNativeTarget section */

/* Begin PBXProject section */
		7469710D27D908CF007E94E6 /* Project object */ = {
			isa = PBXProject;
			attributes = {
				BuildIndependentTargetsInParallel = 1;
				LastSwiftUpdateCheck = 1320;
				LastUpgradeCheck = 1320;
				TargetAttributes = {
					7469711427D908CF007E94E6 = {
						CreatedOnToolsVersion = 13.2.1;
					};
				};
			};
			buildConfigurationList = 7469711027D908CF007E94E6 /* Build configuration list for PBXProject "Tomorrow" */;
			compatibilityVersion = "Xcode 13.0";
			developmentRegion = en;
			hasScannedForEncodings = 0;
			knownRegions = (
				en,
				Base,
			);
			mainGroup = 7469710C27D908CF007E94E6;
			productRefGroup = 7469711627D908CF007E94E6 /* Products */;
			projectDirPath = "";
			projectRoot = "";
			targets = (
				7469711427D908CF007E94E6 /* Tomorrow */,
			);
		};
/* End PBXProject section */

/* Begin PBXResourcesBuildPhase section */
		7469711327D908CF007E94E6 /* Resources */ = {
			isa = PBXResourcesBuildPhase;
			buildActionMask = 2147483647;
			files = (
				7469712827D908D0007E94E6 /* LaunchScreen.storyboard in Resources */,
				7469712527D908D0007E94E6 /* Assets.xcassets in Resources */,
			);
			runOnlyForDeploymentPostprocessing = 0;
		};
/* End PBXResourcesBuildPhase section */

/* Begin PBXSourcesBuildPhase section */
		7469711127D908CF007E94E6 /* Sources */ = {
			isa = PBXSourcesBuildPhase;
			buildActionMask = 2147483647;
			files = (
				7469713D27D9164F007E94E6 /* AricleViewController.swift in Sources */,
				7469711D27D908CF007E94E6 /* ViewController.swift in Sources */,
				7469711927D908CF007E94E6 /* AppDelegate.swift in Sources */,
				7469713727D90E6E007E94E6 /* Game.swift in Sources */,
				7469713927D912B1007E94E6 /* Note.swift in Sources */,
				7469712327D908CF007E94E6 /* Tomorrow.xcdatamodeld in Sources */,
				7469714027D91977007E94E6 /* Fonts.swift in Sources */,
				7469713527D90CF4007E94E6 /* ArticleCategory.swift in Sources */,
				7469716227D9EECB007E94E6 /* Constants.swift in Sources */,
				7469711B27D908CF007E94E6 /* SceneDelegate.swift in Sources */,
				7469713327D90C55007E94E6 /* Article.swift in Sources */,
			);
			runOnlyForDeploymentPostprocessing = 0;
		};
/* End PBXSourcesBuildPhase section */

/* Begin PBXVariantGroup section */
		7469712627D908D0007E94E6 /* LaunchScreen.storyboard */ = {
			isa = PBXVariantGroup;
			children = (
				7469712727D908D0007E94E6 /* Base */,
			);
			name = LaunchScreen.storyboard;
			sourceTree = "<group>";
		};
/* End PBXVariantGroup section */

/* Begin XCBuildConfiguration section */
		7469712A27D908D0007E94E6 /* Debug */ = {
			isa = XCBuildConfiguration;
			buildSettings = {
				ALWAYS_SEARCH_USER_PATHS = NO;
				CLANG_ANALYZER_NONNULL = YES;
				CLANG_ANALYZER_NUMBER_OBJECT_CONVERSION = YES_AGGRESSIVE;
				CLANG_CXX_LANGUAGE_STANDARD = "gnu++17";
				CLANG_CXX_LIBRARY = "libc++";
				CLANG_ENABLE_MODULES = YES;
				CLANG_ENABLE_OBJC_ARC = YES;
				CLANG_ENABLE_OBJC_WEAK = YES;
				CLANG_WARN_BLOCK_CAPTURE_AUTORELEASING = YES;
				CLANG_WARN_BOOL_CONVERSION = YES;
				CLANG_WARN_COMMA = YES;
				CLANG_WARN_CONSTANT_CONVERSION = YES;
				CLANG_WARN_DEPRECATED_OBJC_IMPLEMENTATIONS = YES;
				CLANG_WARN_DIRECT_OBJC_ISA_USAGE = YES_ERROR;
				CLANG_WARN_DOCUMENTATION_COMMENTS = YES;
				CLANG_WARN_EMPTY_BODY = YES;
				CLANG_WARN_ENUM_CONVERSION = YES;
				CLANG_WARN_INFINITE_RECURSION = YES;
				CLANG_WARN_INT_CONVERSION = YES;
				CLANG_WARN_NON_LITERAL_NULL_CONVERSION = YES;
				CLANG_WARN_OBJC_IMPLICIT_RETAIN_SELF = YES;
				CLANG_WARN_OBJC_LITERAL_CONVERSION = YES;
				CLANG_WARN_OBJC_ROOT_CLASS = YES_ERROR;
				CLANG_WARN_QUOTED_INCLUDE_IN_FRAMEWORK_HEADER = YES;
				CLANG_WARN_RANGE_LOOP_ANALYSIS = YES;
				CLANG_WARN_STRICT_PROTOTYPES = YES;
				CLANG_WARN_SUSPICIOUS_MOVE = YES;
				CLANG_WARN_UNGUARDED_AVAILABILITY = YES_AGGRESSIVE;
				CLANG_WARN_UNREACHABLE_CODE = YES;
				CLANG_WARN__DUPLICATE_METHOD_MATCH = YES;
				COPY_PHASE_STRIP = NO;
				DEBUG_INFORMATION_FORMAT = dwarf;
				ENABLE_STRICT_OBJC_MSGSEND = YES;
				ENABLE_TESTABILITY = YES;
				GCC_C_LANGUAGE_STANDARD = gnu11;
				GCC_DYNAMIC_NO_PIC = NO;
				GCC_NO_COMMON_BLOCKS = YES;
				GCC_OPTIMIZATION_LEVEL = 0;
				GCC_PREPROCESSOR_DEFINITIONS = (
					"DEBUG=1",
					"$(inherited)",
				);
				GCC_WARN_64_TO_32_BIT_CONVERSION = YES;
				GCC_WARN_ABOUT_RETURN_TYPE = YES_ERROR;
				GCC_WARN_UNDECLARED_SELECTOR = YES;
				GCC_WARN_UNINITIALIZED_AUTOS = YES_AGGRESSIVE;
				GCC_WARN_UNUSED_FUNCTION = YES;
				GCC_WARN_UNUSED_VARIABLE = YES;
				IPHONEOS_DEPLOYMENT_TARGET = 15.2;
				MTL_ENABLE_DEBUG_INFO = INCLUDE_SOURCE;
				MTL_FAST_MATH = YES;
				ONLY_ACTIVE_ARCH = YES;
				SDKROOT = iphoneos;
				SWIFT_ACTIVE_COMPILATION_CONDITIONS = DEBUG;
				SWIFT_OPTIMIZATION_LEVEL = "-Onone";
			};
			name = Debug;
		};
		7469712B27D908D0007E94E6 /* Release */ = {
			isa = XCBuildConfiguration;
			buildSettings = {
				ALWAYS_SEARCH_USER_PATHS = NO;
				CLANG_ANALYZER_NONNULL = YES;
				CLANG_ANALYZER_NUMBER_OBJECT_CONVERSION = YES_AGGRESSIVE;
				CLANG_CXX_LANGUAGE_STANDARD = "gnu++17";
				CLANG_CXX_LIBRARY = "libc++";
				CLANG_ENABLE_MODULES = YES;
				CLANG_ENABLE_OBJC_ARC = YES;
				CLANG_ENABLE_OBJC_WEAK = YES;
				CLANG_WARN_BLOCK_CAPTURE_AUTORELEASING = YES;
				CLANG_WARN_BOOL_CONVERSION = YES;
				CLANG_WARN_COMMA = YES;
				CLANG_WARN_CONSTANT_CONVERSION = YES;
				CLANG_WARN_DEPRECATED_OBJC_IMPLEMENTATIONS = YES;
				CLANG_WARN_DIRECT_OBJC_ISA_USAGE = YES_ERROR;
				CLANG_WARN_DOCUMENTATION_COMMENTS = YES;
				CLANG_WARN_EMPTY_BODY = YES;
				CLANG_WARN_ENUM_CONVERSION = YES;
				CLANG_WARN_INFINITE_RECURSION = YES;
				CLANG_WARN_INT_CONVERSION = YES;
				CLANG_WARN_NON_LITERAL_NULL_CONVERSION = YES;
				CLANG_WARN_OBJC_IMPLICIT_RETAIN_SELF = YES;
				CLANG_WARN_OBJC_LITERAL_CONVERSION = YES;
				CLANG_WARN_OBJC_ROOT_CLASS = YES_ERROR;
				CLANG_WARN_QUOTED_INCLUDE_IN_FRAMEWORK_HEADER = YES;
				CLANG_WARN_RANGE_LOOP_ANALYSIS = YES;
				CLANG_WARN_STRICT_PROTOTYPES = YES;
				CLANG_WARN_SUSPICIOUS_MOVE = YES;
				CLANG_WARN_UNGUARDED_AVAILABILITY = YES_AGGRESSIVE;
				CLANG_WARN_UNREACHABLE_CODE = YES;
				CLANG_WARN__DUPLICATE_METHOD_MATCH = YES;
				COPY_PHASE_STRIP = NO;
				DEBUG_INFORMATION_FORMAT = "dwarf-with-dsym";
				ENABLE_NS_ASSERTIONS = NO;
				ENABLE_STRICT_OBJC_MSGSEND = YES;
				GCC_C_LANGUAGE_STANDARD = gnu11;
				GCC_NO_COMMON_BLOCKS = YES;
				GCC_WARN_64_TO_32_BIT_CONVERSION = YES;
				GCC_WARN_ABOUT_RETURN_TYPE = YES_ERROR;
				GCC_WARN_UNDECLARED_SELECTOR = YES;
				GCC_WARN_UNINITIALIZED_AUTOS = YES_AGGRESSIVE;
				GCC_WARN_UNUSED_FUNCTION = YES;
				GCC_WARN_UNUSED_VARIABLE = YES;
				IPHONEOS_DEPLOYMENT_TARGET = 15.2;
				MTL_ENABLE_DEBUG_INFO = NO;
				MTL_FAST_MATH = YES;
				SDKROOT = iphoneos;
				SWIFT_COMPILATION_MODE = wholemodule;
				SWIFT_OPTIMIZATION_LEVEL = "-O";
				VALIDATE_PRODUCT = YES;
			};
			name = Release;
		};
		7469712D27D908D0007E94E6 /* Debug */ = {
			isa = XCBuildConfiguration;
			buildSettings = {
				ASSETCATALOG_COMPILER_APPICON_NAME = AppIcon;
				ASSETCATALOG_COMPILER_GLOBAL_ACCENT_COLOR_NAME = AccentColor;
				CODE_SIGN_STYLE = Automatic;
				CURRENT_PROJECT_VERSION = 1;
				DEVELOPMENT_TEAM = 9TMC8XK38T;
				GENERATE_INFOPLIST_FILE = YES;
				INFOPLIST_FILE = Tomorrow/Info.plist;
				INFOPLIST_KEY_UIApplicationSupportsIndirectInputEvents = YES;
				INFOPLIST_KEY_UILaunchStoryboardName = LaunchScreen;
				INFOPLIST_KEY_UISupportedInterfaceOrientations_iPad = "UIInterfaceOrientationPortrait UIInterfaceOrientationPortraitUpsideDown UIInterfaceOrientationLandscapeLeft UIInterfaceOrientationLandscapeRight";
				INFOPLIST_KEY_UISupportedInterfaceOrientations_iPhone = "UIInterfaceOrientationPortrait UIInterfaceOrientationLandscapeLeft UIInterfaceOrientationLandscapeRight";
				LD_RUNPATH_SEARCH_PATHS = (
					"$(inherited)",
					"@executable_path/Frameworks",
				);
				MARKETING_VERSION = 1.0;
				PRODUCT_BUNDLE_IDENTIFIER = ML.Tomorrow;
				PRODUCT_NAME = "$(TARGET_NAME)";
				SWIFT_EMIT_LOC_STRINGS = YES;
				SWIFT_VERSION = 5.0;
				TARGETED_DEVICE_FAMILY = "1,2";
			};
			name = Debug;
		};
		7469712E27D908D0007E94E6 /* Release */ = {
			isa = XCBuildConfiguration;
			buildSettings = {
				ASSETCATALOG_COMPILER_APPICON_NAME = AppIcon;
				ASSETCATALOG_COMPILER_GLOBAL_ACCENT_COLOR_NAME = AccentColor;
				CODE_SIGN_STYLE = Automatic;
				CURRENT_PROJECT_VERSION = 1;
				DEVELOPMENT_TEAM = 9TMC8XK38T;
				GENERATE_INFOPLIST_FILE = YES;
				INFOPLIST_FILE = Tomorrow/Info.plist;
				INFOPLIST_KEY_UIApplicationSupportsIndirectInputEvents = YES;
				INFOPLIST_KEY_UILaunchStoryboardName = LaunchScreen;
				INFOPLIST_KEY_UISupportedInterfaceOrientations_iPad = "UIInterfaceOrientationPortrait UIInterfaceOrientationPortraitUpsideDown UIInterfaceOrientationLandscapeLeft UIInterfaceOrientationLandscapeRight";
				INFOPLIST_KEY_UISupportedInterfaceOrientations_iPhone = "UIInterfaceOrientationPortrait UIInterfaceOrientationLandscapeLeft UIInterfaceOrientationLandscapeRight";
				LD_RUNPATH_SEARCH_PATHS = (
					"$(inherited)",
					"@executable_path/Frameworks",
				);
				MARKETING_VERSION = 1.0;
				PRODUCT_BUNDLE_IDENTIFIER = ML.Tomorrow;
				PRODUCT_NAME = "$(TARGET_NAME)";
				SWIFT_EMIT_LOC_STRINGS = YES;
				SWIFT_VERSION = 5.0;
				TARGETED_DEVICE_FAMILY = "1,2";
			};
			name = Release;
		};
/* End XCBuildConfiguration section */

/* Begin XCConfigurationList section */
		7469711027D908CF007E94E6 /* Build configuration list for PBXProject "Tomorrow" */ = {
			isa = XCConfigurationList;
			buildConfigurations = (
				7469712A27D908D0007E94E6 /* Debug */,
				7469712B27D908D0007E94E6 /* Release */,
			);
			defaultConfigurationIsVisible = 0;
			defaultConfigurationName = Release;
		};
		7469712C27D908D0007E94E6 /* Build configuration list for PBXNativeTarget "Tomorrow" */ = {
			isa = XCConfigurationList;
			buildConfigurations = (
				7469712D27D908D0007E94E6 /* Debug */,
				7469712E27D908D0007E94E6 /* Release */,
			);
			defaultConfigurationIsVisible = 0;
			defaultConfigurationName = Release;
		};
/* End XCConfigurationList section */

/* Begin XCVersionGroup section */
		7469712127D908CF007E94E6 /* Tomorrow.xcdatamodeld */ = {
			isa = XCVersionGroup;
			children = (
				7469712227D908CF007E94E6 /* Tomorrow.xcdatamodel */,
			);
			currentVersion = 7469712227D908CF007E94E6 /* Tomorrow.xcdatamodel */;
			path = Tomorrow.xcdatamodeld;
			sourceTree = "<group>";
			versionGroupType = wrapper.xcdatamodel;
		};
/* End XCVersionGroup section */
	};
	rootObject = 7469710D27D908CF007E94E6 /* Project object */;
}
